
Microsoft Visual Studio Solution File, Format Version 12.00
# Visual Studio Version 17
VisualStudioVersion = 17.13.35818.85 d17.13
MinimumVisualStudioVersion = 10.0.40219.1
Project("{FAE04EC0-301F-11D3-BF4B-00C04F79EFBC}") = "TarefasDiarias", "TarefasDiarias\TarefasDiarias.csproj", "{11C1862F-106B-4363-91C7-4150A128C56D}"
EndProject
Global
	GlobalSection(SolutionConfigurationPlatforms) = preSolution
		Debug|Any CPU = Debug|Any CPU
		Release|Any CPU = Release|Any CPU
	EndGlobalSection
	GlobalSection(ProjectConfigurationPlatforms) = postSolution
		{11C1862F-106B-4363-91C7-4150A128C56D}.Debug|Any CPU.ActiveCfg = Debug|Any CPU
		{11C1862F-106B-4363-91C7-4150A128C56D}.Debug|Any CPU.Build.0 = Debug|Any CPU
		{11C1862F-106B-4363-91C7-4150A128C56D}.Release|Any CPU.ActiveCfg = Release|Any CPU
		{11C1862F-106B-4363-91C7-4150A128C56D}.Release|Any CPU.Build.0 = Release|Any CPU
	EndGlobalSection
	GlobalSection(SolutionProperties) = preSolution
		HideSolutionNode = FALSE
	EndGlobalSection
	GlobalSection(ExtensibilityGlobals) = postSolution
		SolutionGuid = {05661B76-25CF-4D5D-9624-828FEC0AE4CE}
	EndGlobalSection
EndGlobal
